// !$*UTF8*$!
{
	archiveVersion = 1;
	classes = {
	};
	objectVersion = 55;
	objects = {

/* Begin PBXBuildFile section */
		256FCB41279CCAF700DF3D86 /* AppDelegate.swift in Sources */ = {isa = PBXBuildFile; fileRef = 256FCB40279CCAF700DF3D86 /* AppDelegate.swift */; };
		256FCB43279CCAF700DF3D86 /* SceneDelegate.swift in Sources */ = {isa = PBXBuildFile; fileRef = 256FCB42279CCAF700DF3D86 /* SceneDelegate.swift */; };
		256FCB45279CCAF700DF3D86 /* ViewController.swift in Sources */ = {isa = PBXBuildFile; fileRef = 256FCB44279CCAF700DF3D86 /* ViewController.swift */; };
		256FCB48279CCAF700DF3D86 /* Main.storyboard in Resources */ = {isa = PBXBuildFile; fileRef = 256FCB46279CCAF700DF3D86 /* Main.storyboard */; };
		256FCB4A279CCAF800DF3D86 /* Assets.xcassets in Resources */ = {isa = PBXBuildFile; fileRef = 256FCB49279CCAF800DF3D86 /* Assets.xcassets */; };
		256FCB4D279CCAF800DF3D86 /* LaunchScreen.storyboard in Resources */ = {isa = PBXBuildFile; fileRef = 256FCB4B279CCAF800DF3D86 /* LaunchScreen.storyboard */; };
		256FCB58279CCAF800DF3D86 /* Demo_CategoryScreenTests.swift in Sources */ = {isa = PBXBuildFile; fileRef = 256FCB57279CCAF800DF3D86 /* Demo_CategoryScreenTests.swift */; };
		256FCB62279CCAF800DF3D86 /* Demo_CategoryScreenUITests.swift in Sources */ = {isa = PBXBuildFile; fileRef = 256FCB61279CCAF800DF3D86 /* Demo_CategoryScreenUITests.swift */; };
		256FCB64279CCAF800DF3D86 /* Demo_CategoryScreenUITestsLaunchTests.swift in Sources */ = {isa = PBXBuildFile; fileRef = 256FCB63279CCAF800DF3D86 /* Demo_CategoryScreenUITestsLaunchTests.swift */; };
/* End PBXBuildFile section */

/* Begin PBXContainerItemProxy section */
		256FCB54279CCAF800DF3D86 /* PBXContainerItemProxy */ = {
			isa = PBXContainerItemProxy;
			containerPortal = 256FCB35279CCAF700DF3D86 /* Project object */;
			proxyType = 1;
			remoteGlobalIDString = 256FCB3C279CCAF700DF3D86;
			remoteInfo = Demo_CategoryScreen;
		};
		256FCB5E279CCAF800DF3D86 /* PBXContainerItemProxy */ = {
			isa = PBXContainerItemProxy;
			containerPortal = 256FCB35279CCAF700DF3D86 /* Project object */;
			proxyType = 1;
			remoteGlobalIDString = 256FCB3C279CCAF700DF3D86;
			remoteInfo = Demo_CategoryScreen;
		};
/* End PBXContainerItemProxy section */

/* Begin PBXFileReference section */
		256FCB3D279CCAF700DF3D86 /* Demo_CategoryScreen.app */ = {isa = PBXFileReference; explicitFileType = wrapper.application; includeInIndex = 0; path = Demo_CategoryScreen.app; sourceTree = BUILT_PRODUCTS_DIR; };
		256FCB40279CCAF700DF3D86 /* AppDelegate.swift */ = {isa = PBXFileReference; lastKnownFileType = sourcecode.swift; path = AppDelegate.swift; sourceTree = "<group>"; };
		256FCB42279CCAF700DF3D86 /* SceneDelegate.swift */ = {isa = PBXFileReference; lastKnownFileType = sourcecode.swift; path = SceneDelegate.swift; sourceTree = "<group>"; };
		256FCB44279CCAF700DF3D86 /* ViewController.swift */ = {isa = PBXFileReference; lastKnownFileType = sourcecode.swift; path = ViewController.swift; sourceTree = "<group>"; };
		256FCB47279CCAF700DF3D86 /* Base */ = {isa = PBXFileReference; lastKnownFileType = file.storyboard; name = Base; path = Base.lproj/Main.storyboard; sourceTree = "<group>"; };
		256FCB49279CCAF800DF3D86 /* Assets.xcassets */ = {isa = PBXFileReference; lastKnownFileType = folder.assetcatalog; path = Assets.xcassets; sourceTree = "<group>"; };
		256FCB4C279CCAF800DF3D86 /* Base */ = {isa = PBXFileReference; lastKnownFileType = file.storyboard; name = Base; path = Base.lproj/LaunchScreen.storyboard; sourceTree = "<group>"; };
		256FCB4E279CCAF800DF3D86 /* Info.plist */ = {isa = PBXFileReference; lastKnownFileType = text.plist.xml; path = Info.plist; sourceTree = "<group>"; };
		256FCB53279CCAF800DF3D86 /* Demo_CategoryScreenTests.xctest */ = {isa = PBXFileReference; explicitFileType = wrapper.cfbundle; includeInIndex = 0; path = Demo_CategoryScreenTests.xctest; sourceTree = BUILT_PRODUCTS_DIR; };
		256FCB57279CCAF800DF3D86 /* Demo_CategoryScreenTests.swift */ = {isa = PBXFileReference; lastKnownFileType = sourcecode.swift; path = Demo_CategoryScreenTests.swift; sourceTree = "<group>"; };
		256FCB5D279CCAF800DF3D86 /* Demo_CategoryScreenUITests.xctest */ = {isa = PBXFileReference; explicitFileType = wrapper.cfbundle; includeInIndex = 0; path = Demo_CategoryScreenUITests.xctest; sourceTree = BUILT_PRODUCTS_DIR; };
		256FCB61279CCAF800DF3D86 /* Demo_CategoryScreenUITests.swift */ = {isa = PBXFileReference; lastKnownFileType = sourcecode.swift; path = Demo_CategoryScreenUITests.swift; sourceTree = "<group>"; };
		256FCB63279CCAF800DF3D86 /* Demo_CategoryScreenUITestsLaunchTests.swift */ = {isa = PBXFileReference; lastKnownFileType = sourcecode.swift; path = Demo_CategoryScreenUITestsLaunchTests.swift; sourceTree = "<group>"; };
/* End PBXFileReference section */

/* Begin PBXFrameworksBuildPhase section */
		256FCB3A279CCAF700DF3D86 /* Frameworks */ = {
			isa = PBXFrameworksBuildPhase;
			buildActionMask = 2147483647;
			files = (
			);
			runOnlyForDeploymentPostprocessing = 0;
		};
		256FCB50279CCAF800DF3D86 /* Frameworks */ = {
			isa = PBXFrameworksBuildPhase;
			buildActionMask = 2147483647;
			files = (
			);
			runOnlyForDeploymentPostprocessing = 0;
		};
		256FCB5A279CCAF800DF3D86 /* Frameworks */ = {
			isa = PBXFrameworksBuildPhase;
			buildActionMask = 2147483647;
			files = (
			);
			runOnlyForDeploymentPostprocessing = 0;
		};
/* End PBXFrameworksBuildPhase section */

/* Begin PBXGroup section */
		256FCB34279CCAF700DF3D86 = {
			isa = PBXGroup;
			children = (
				256FCB3F279CCAF700DF3D86 /* Demo_CategoryScreen */,
				256FCB56279CCAF800DF3D86 /* Demo_CategoryScreenTests */,
				256FCB60279CCAF800DF3D86 /* Demo_CategoryScreenUITests */,
				256FCB3E279CCAF700DF3D86 /* Products */,
			);
			sourceTree = "<group>";
		};
		256FCB3E279CCAF700DF3D86 /* Products */ = {
			isa = PBXGroup;
			children = (
				256FCB3D279CCAF700DF3D86 /* Demo_CategoryScreen.app */,
				256FCB53279CCAF800DF3D86 /* Demo_CategoryScreenTests.xctest */,
				256FCB5D279CCAF800DF3D86 /* Demo_CategoryScreenUITests.xctest */,
			);
			name = Products;
			sourceTree = "<group>";
		};
		256FCB3F279CCAF700DF3D86 /* Demo_CategoryScreen */ = {
			isa = PBXGroup;
			children = (
				256FCB40279CCAF700DF3D86 /* AppDelegate.swift */,
				256FCB42279CCAF700DF3D86 /* SceneDelegate.swift */,
				256FCB44279CCAF700DF3D86 /* ViewController.swift */,
				256FCB46279CCAF700DF3D86 /* Main.storyboard */,
				256FCB49279CCAF800DF3D86 /* Assets.xcassets */,
				256FCB4B279CCAF800DF3D86 /* LaunchScreen.storyboard */,
				256FCB4E279CCAF800DF3D86 /* Info.plist */,
			);
			path = Demo_CategoryScreen;
			sourceTree = "<group>";
		};
		256FCB56279CCAF800DF3D86 /* Demo_CategoryScreenTests */ = {
			isa = PBXGroup;
			children = (
				256FCB57279CCAF800DF3D86 /* Demo_CategoryScreenTests.swift */,
			);
			path = Demo_CategoryScreenTests;
			sourceTree = "<group>";
		};
		256FCB60279CCAF800DF3D86 /* Demo_CategoryScreenUITests */ = {
			isa = PBXGroup;
			children = (
				256FCB61279CCAF800DF3D86 /* Demo_CategoryScreenUITests.swift */,
				256FCB63279CCAF800DF3D86 /* Demo_CategoryScreenUITestsLaunchTests.swift */,
			);
			path = Demo_CategoryScreenUITests;
			sourceTree = "<group>";
		};
/* End PBXGroup section */

/* Begin PBXNativeTarget section */
		256FCB3C279CCAF700DF3D86 /* Demo_CategoryScreen */ = {
			isa = PBXNativeTarget;
			buildConfigurationList = 256FCB67279CCAF800DF3D86 /* Build configuration list for PBXNativeTarget "Demo_CategoryScreen" */;
			buildPhases = (
				256FCB39279CCAF700DF3D86 /* Sources */,
				256FCB3A279CCAF700DF3D86 /* Frameworks */,
				256FCB3B279CCAF700DF3D86 /* Resources */,
			);
			buildRules = (
			);
			dependencies = (
			);
			name = Demo_CategoryScreen;
			productName = Demo_CategoryScreen;
			productReference = 256FCB3D279CCAF700DF3D86 /* Demo_CategoryScreen.app */;
			productType = "com.apple.product-type.application";
		};
		256FCB52279CCAF800DF3D86 /* Demo_CategoryScreenTests */ = {
			isa = PBXNativeTarget;
			buildConfigurationList = 256FCB6A279CCAF800DF3D86 /* Build configuration list for PBXNativeTarget "Demo_CategoryScreenTests" */;
			buildPhases = (
				256FCB4F279CCAF800DF3D86 /* Sources */,
				256FCB50279CCAF800DF3D86 /* Frameworks */,
				256FCB51279CCAF800DF3D86 /* Resources */,
			);
			buildRules = (
			);
			dependencies = (
				256FCB55279CCAF800DF3D86 /* PBXTargetDependency */,
			);
			name = Demo_CategoryScreenTests;
			productName = Demo_CategoryScreenTests;
			productReference = 256FCB53279CCAF800DF3D86 /* Demo_CategoryScreenTests.xctest */;
			productType = "com.apple.product-type.bundle.unit-test";
		};
		256FCB5C279CCAF800DF3D86 /* Demo_CategoryScreenUITests */ = {
			isa = PBXNativeTarget;
			buildConfigurationList = 256FCB6D279CCAF800DF3D86 /* Build configuration list for PBXNativeTarget "Demo_CategoryScreenUITests" */;
			buildPhases = (
				256FCB59279CCAF800DF3D86 /* Sources */,
				256FCB5A279CCAF800DF3D86 /* Frameworks */,
				256FCB5B279CCAF800DF3D86 /* Resources */,
			);
			buildRules = (
			);
			dependencies = (
				256FCB5F279CCAF800DF3D86 /* PBXTargetDependency */,
			);
			name = Demo_CategoryScreenUITests;
			productName = Demo_CategoryScreenUITests;
			productReference = 256FCB5D279CCAF800DF3D86 /* Demo_CategoryScreenUITests.xctest */;
			productType = "com.apple.product-type.bundle.ui-testing";
		};
/* End PBXNativeTarget section */

/* Begin PBXProject section */
		256FCB35279CCAF700DF3D86 /* Project object */ = {
			isa = PBXProject;
			attributes = {
				BuildIndependentTargetsInParallel = 1;
				LastSwiftUpdateCheck = 1320;
				LastUpgradeCheck = 1320;
				TargetAttributes = {
					256FCB3C279CCAF700DF3D86 = {
						CreatedOnToolsVersion = 13.2.1;
					};
					256FCB52279CCAF800DF3D86 = {
						CreatedOnToolsVersion = 13.2.1;
						TestTargetID = 256FCB3C279CCAF700DF3D86;
					};
					256FCB5C279CCAF800DF3D86 = {
						CreatedOnToolsVersion = 13.2.1;
						TestTargetID = 256FCB3C279CCAF700DF3D86;
					};
				};
			};
			buildConfigurationList = 256FCB38279CCAF700DF3D86 /* Build configuration list for PBXProject "Demo_CategoryScreen" */;
			compatibilityVersion = "Xcode 13.0";
			developmentRegion = en;
			hasScannedForEncodings = 0;
			knownRegions = (
				en,
				Base,
			);
			mainGroup = 256FCB34279CCAF700DF3D86;
			productRefGroup = 256FCB3E279CCAF700DF3D86 /* Products */;
			projectDirPath = "";
			projectRoot = "";
			targets = (
				256FCB3C279CCAF700DF3D86 /* Demo_CategoryScreen */,
				256FCB52279CCAF800DF3D86 /* Demo_CategoryScreenTests */,
				256FCB5C279CCAF800DF3D86 /* Demo_CategoryScreenUITests */,
			);
		};
/* End PBXProject section */

/* Begin PBXResourcesBuildPhase section */
		256FCB3B279CCAF700DF3D86 /* Resources */ = {
			isa = PBXResourcesBuildPhase;
			buildActionMask = 2147483647;
			files = (
				256FCB4D279CCAF800DF3D86 /* LaunchScreen.storyboard in Resources */,
				256FCB4A279CCAF800DF3D86 /* Assets.xcassets in Resources */,
				256FCB48279CCAF700DF3D86 /* Main.storyboard in Resources */,
			);
			runOnlyForDeploymentPostprocessing = 0;
		};
		256FCB51279CCAF800DF3D86 /* Resources */ = {
			isa = PBXResourcesBuildPhase;
			buildActionMask = 2147483647;
			files = (
			);
			runOnlyForDeploymentPostprocessing = 0;
		};
		256FCB5B279CCAF800DF3D86 /* Resources */ = {
			isa = PBXResourcesBuildPhase;
			buildActionMask = 2147483647;
			files = (
			);
			runOnlyForDeploymentPostprocessing = 0;
		};
/* End PBXResourcesBuildPhase section */

/* Begin PBXSourcesBuildPhase section */
		256FCB39279CCAF700DF3D86 /* Sources */ = {
			isa = PBXSourcesBuildPhase;
			buildActionMask = 2147483647;
			files = (
				256FCB45279CCAF700DF3D86 /* ViewController.swift in Sources */,
				256FCB41279CCAF700DF3D86 /* AppDelegate.swift in Sources */,
				256FCB43279CCAF700DF3D86 /* SceneDelegate.swift in Sources */,
			);
			runOnlyForDeploymentPostprocessing = 0;
		};
		256FCB4F279CCAF800DF3D86 /* Sources */ = {
			isa = PBXSourcesBuildPhase;
			buildActionMask = 2147483647;
			files = (
				256FCB58279CCAF800DF3D86 /* Demo_CategoryScreenTests.swift in Sources */,
			);
			runOnlyForDeploymentPostprocessing = 0;
		};
		256FCB59279CCAF800DF3D86 /* Sources */ = {
			isa = PBXSourcesBuildPhase;
			buildActionMask = 2147483647;
			files = (
				256FCB62279CCAF800DF3D86 /* Demo_CategoryScreenUITests.swift in Sources */,
				256FCB64279CCAF800DF3D86 /* Demo_CategoryScreenUITestsLaunchTests.swift in Sources */,
			);
			runOnlyForDeploymentPostprocessing = 0;
		};
/* End PBXSourcesBuildPhase section */

/* Begin PBXTargetDependency section */
		256FCB55279CCAF800DF3D86 /* PBXTargetDependency */ = {
			isa = PBXTargetDependency;
			target = 256FCB3C279CCAF700DF3D86 /* Demo_CategoryScreen */;
			targetProxy = 256FCB54279CCAF800DF3D86 /* PBXContainerItemProxy */;
		};
		256FCB5F279CCAF800DF3D86 /* PBXTargetDependency */ = {
			isa = PBXTargetDependency;
			target = 256FCB3C279CCAF700DF3D86 /* Demo_CategoryScreen */;
			targetProxy = 256FCB5E279CCAF800DF3D86 /* PBXContainerItemProxy */;
		};
/* End PBXTargetDependency section */

/* Begin PBXVariantGroup section */
		256FCB46279CCAF700DF3D86 /* Main.storyboard */ = {
			isa = PBXVariantGroup;
			children = (
				256FCB47279CCAF700DF3D86 /* Base */,
			);
			name = Main.storyboard;
			sourceTree = "<group>";
		};
		256FCB4B279CCAF800DF3D86 /* LaunchScreen.storyboard */ = {
			isa = PBXVariantGroup;
			children = (
				256FCB4C279CCAF800DF3D86 /* Base */,
			);
			name = LaunchScreen.storyboard;
			sourceTree = "<group>";
		};
/* End PBXVariantGroup section */

/* Begin XCBuildConfiguration section */
		256FCB65279CCAF800DF3D86 /* Debug */ = {
			isa = XCBuildConfiguration;
			buildSettings = {
				ALWAYS_SEARCH_USER_PATHS = NO;
				CLANG_ANALYZER_NONNULL = YES;
				CLANG_ANALYZER_NUMBER_OBJECT_CONVERSION = YES_AGGRESSIVE;
				CLANG_CXX_LANGUAGE_STANDARD = "gnu++17";
				CLANG_CXX_LIBRARY = "libc++";
				CLANG_ENABLE_MODULES = YES;
				CLANG_ENABLE_OBJC_ARC = YES;
				CLANG_ENABLE_OBJC_WEAK = YES;
				CLANG_WARN_BLOCK_CAPTURE_AUTORELEASING = YES;
				CLANG_WARN_BOOL_CONVERSION = YES;
				CLANG_WARN_COMMA = YES;
				CLANG_WARN_CONSTANT_CONVERSION = YES;
				CLANG_WARN_DEPRECATED_OBJC_IMPLEMENTATIONS = YES;
				CLANG_WARN_DIRECT_OBJC_ISA_USAGE = YES_ERROR;
				CLANG_WARN_DOCUMENTATION_COMMENTS = YES;
				CLANG_WARN_EMPTY_BODY = YES;
				CLANG_WARN_ENUM_CONVERSION = YES;
				CLANG_WARN_INFINITE_RECURSION = YES;
				CLANG_WARN_INT_CONVERSION = YES;
				CLANG_WARN_NON_LITERAL_NULL_CONVERSION = YES;
				CLANG_WARN_OBJC_IMPLICIT_RETAIN_SELF = YES;
				CLANG_WARN_OBJC_LITERAL_CONVERSION = YES;
				CLANG_WARN_OBJC_ROOT_CLASS = YES_ERROR;
				CLANG_WARN_QUOTED_INCLUDE_IN_FRAMEWORK_HEADER = YES;
				CLANG_WARN_RANGE_LOOP_ANALYSIS = YES;
				CLANG_WARN_STRICT_PROTOTYPES = YES;
				CLANG_WARN_SUSPICIOUS_MOVE = YES;
				CLANG_WARN_UNGUARDED_AVAILABILITY = YES_AGGRESSIVE;
				CLANG_WARN_UNREACHABLE_CODE = YES;
				CLANG_WARN__DUPLICATE_METHOD_MATCH = YES;
				COPY_PHASE_STRIP = NO;
				DEBUG_INFORMATION_FORMAT = dwarf;
				ENABLE_STRICT_OBJC_MSGSEND = YES;
				ENABLE_TESTABILITY = YES;
				GCC_C_LANGUAGE_STANDARD = gnu11;
				GCC_DYNAMIC_NO_PIC = NO;
				GCC_NO_COMMON_BLOCKS = YES;
				GCC_OPTIMIZATION_LEVEL = 0;
				GCC_PREPROCESSOR_DEFINITIONS = (
					"DEBUG=1",
					"$(inherited)",
				);
				GCC_WARN_64_TO_32_BIT_CONVERSION = YES;
				GCC_WARN_ABOUT_RETURN_TYPE = YES_ERROR;
				GCC_WARN_UNDECLARED_SELECTOR = YES;
				GCC_WARN_UNINITIALIZED_AUTOS = YES_AGGRESSIVE;
				GCC_WARN_UNUSED_FUNCTION = YES;
				GCC_WARN_UNUSED_VARIABLE = YES;
				IPHONEOS_DEPLOYMENT_TARGET = 15.2;
				MTL_ENABLE_DEBUG_INFO = INCLUDE_SOURCE;
				MTL_FAST_MATH = YES;
				ONLY_ACTIVE_ARCH = YES;
				SDKROOT = iphoneos;
				SWIFT_ACTIVE_COMPILATION_CONDITIONS = DEBUG;
				SWIFT_OPTIMIZATION_LEVEL = "-Onone";
			};
			name = Debug;
		};
		256FCB66279CCAF800DF3D86 /* Release */ = {
			isa = XCBuildConfiguration;
			buildSettings = {
				ALWAYS_SEARCH_USER_PATHS = NO;
				CLANG_ANALYZER_NONNULL = YES;
				CLANG_ANALYZER_NUMBER_OBJECT_CONVERSION = YES_AGGRESSIVE;
				CLANG_CXX_LANGUAGE_STANDARD = "gnu++17";
				CLANG_CXX_LIBRARY = "libc++";
				CLANG_ENABLE_MODULES = YES;
				CLANG_ENABLE_OBJC_ARC = YES;
				CLANG_ENABLE_OBJC_WEAK = YES;
				CLANG_WARN_BLOCK_CAPTURE_AUTORELEASING = YES;
				CLANG_WARN_BOOL_CONVERSION = YES;
				CLANG_WARN_COMMA = YES;
				CLANG_WARN_CONSTANT_CONVERSION = YES;
				CLANG_WARN_DEPRECATED_OBJC_IMPLEMENTATIONS = YES;
				CLANG_WARN_DIRECT_OBJC_ISA_USAGE = YES_ERROR;
				CLANG_WARN_DOCUMENTATION_COMMENTS = YES;
				CLANG_WARN_EMPTY_BODY = YES;
				CLANG_WARN_ENUM_CONVERSION = YES;
				CLANG_WARN_INFINITE_RECURSION = YES;
				CLANG_WARN_INT_CONVERSION = YES;
				CLANG_WARN_NON_LITERAL_NULL_CONVERSION = YES;
				CLANG_WARN_OBJC_IMPLICIT_RETAIN_SELF = YES;
				CLANG_WARN_OBJC_LITERAL_CONVERSION = YES;
				CLANG_WARN_OBJC_ROOT_CLASS = YES_ERROR;
				CLANG_WARN_QUOTED_INCLUDE_IN_FRAMEWORK_HEADER = YES;
				CLANG_WARN_RANGE_LOOP_ANALYSIS = YES;
				CLANG_WARN_STRICT_PROTOTYPES = YES;
				CLANG_WARN_SUSPICIOUS_MOVE = YES;
				CLANG_WARN_UNGUARDED_AVAILABILITY = YES_AGGRESSIVE;
				CLANG_WARN_UNREACHABLE_CODE = YES;
				CLANG_WARN__DUPLICATE_METHOD_MATCH = YES;
				COPY_PHASE_STRIP = NO;
				DEBUG_INFORMATION_FORMAT = "dwarf-with-dsym";
				ENABLE_NS_ASSERTIONS = NO;
				ENABLE_STRICT_OBJC_MSGSEND = YES;
				GCC_C_LANGUAGE_STANDARD = gnu11;
				GCC_NO_COMMON_BLOCKS = YES;
				GCC_WARN_64_TO_32_BIT_CONVERSION = YES;
				GCC_WARN_ABOUT_RETURN_TYPE = YES_ERROR;
				GCC_WARN_UNDECLARED_SELECTOR = YES;
				GCC_WARN_UNINITIALIZED_AUTOS = YES_AGGRESSIVE;
				GCC_WARN_UNUSED_FUNCTION = YES;
				GCC_WARN_UNUSED_VARIABLE = YES;
				IPHONEOS_DEPLOYMENT_TARGET = 15.2;
				MTL_ENABLE_DEBUG_INFO = NO;
				MTL_FAST_MATH = YES;
				SDKROOT = iphoneos;
				SWIFT_COMPILATION_MODE = wholemodule;
				SWIFT_OPTIMIZATION_LEVEL = "-O";
				VALIDATE_PRODUCT = YES;
			};
			name = Release;
		};
		256FCB68279CCAF800DF3D86 /* Debug */ = {
			isa = XCBuildConfiguration;
			buildSettings = {
				ASSETCATALOG_COMPILER_APPICON_NAME = AppIcon;
				ASSETCATALOG_COMPILER_GLOBAL_ACCENT_COLOR_NAME = AccentColor;
				CODE_SIGN_STYLE = Automatic;
				CURRENT_PROJECT_VERSION = 1;
				DEVELOPMENT_TEAM = VTVAB8DSQ8;
				GENERATE_INFOPLIST_FILE = YES;
				INFOPLIST_FILE = Demo_CategoryScreen/Info.plist;
				INFOPLIST_KEY_UIApplicationSupportsIndirectInputEvents = YES;
				INFOPLIST_KEY_UILaunchStoryboardName = LaunchScreen;
				INFOPLIST_KEY_UIMainStoryboardFile = Main;
				INFOPLIST_KEY_UISupportedInterfaceOrientations_iPad = "UIInterfaceOrientationPortrait UIInterfaceOrientationPortraitUpsideDown UIInterfaceOrientationLandscapeLeft UIInterfaceOrientationLandscapeRight";
				INFOPLIST_KEY_UISupportedInterfaceOrientations_iPhone = "UIInterfaceOrientationPortrait UIInterfaceOrientationLandscapeLeft UIInterfaceOrientationLandscapeRight";
				LD_RUNPATH_SEARCH_PATHS = (
					"$(inherited)",
					"@executable_path/Frameworks",
				);
				MARKETING_VERSION = 1.0;
				PRODUCT_BUNDLE_IDENTIFIER = "first.Demo-CategoryScreen";
				PRODUCT_NAME = "$(TARGET_NAME)";
				SWIFT_EMIT_LOC_STRINGS = YES;
				SWIFT_VERSION = 5.0;
				TARGETED_DEVICE_FAMILY = "1,2";
			};
			name = Debug;
		};
		256FCB69279CCAF800DF3D86 /* Release */ = {
			isa = XCBuildConfiguration;
			buildSettings = {
				ASSETCATALOG_COMPILER_APPICON_NAME = AppIcon;
				ASSETCATALOG_COMPILER_GLOBAL_ACCENT_COLOR_NAME = AccentColor;
				CODE_SIGN_STYLE = Automatic;
				CURRENT_PROJECT_VERSION = 1;
				DEVELOPMENT_TEAM = VTVAB8DSQ8;
				GENERATE_INFOPLIST_FILE = YES;
				INFOPLIST_FILE = Demo_CategoryScreen/Info.plist;
				INFOPLIST_KEY_UIApplicationSupportsIndirectInputEvents = YES;
				INFOPLIST_KEY_UILaunchStoryboardName = LaunchScreen;
				INFOPLIST_KEY_UIMainStoryboardFile = Main;
				INFOPLIST_KEY_UISupportedInterfaceOrientations_iPad = "UIInterfaceOrientationPortrait UIInterfaceOrientationPortraitUpsideDown UIInterfaceOrientationLandscapeLeft UIInterfaceOrientationLandscapeRight";
				INFOPLIST_KEY_UISupportedInterfaceOrientations_iPhone = "UIInterfaceOrientationPortrait UIInterfaceOrientationLandscapeLeft UIInterfaceOrientationLandscapeRight";
				LD_RUNPATH_SEARCH_PATHS = (
					"$(inherited)",
					"@executable_path/Frameworks",
				);
				MARKETING_VERSION = 1.0;
				PRODUCT_BUNDLE_IDENTIFIER = "first.Demo-CategoryScreen";
				PRODUCT_NAME = "$(TARGET_NAME)";
				SWIFT_EMIT_LOC_STRINGS = YES;
				SWIFT_VERSION = 5.0;
				TARGETED_DEVICE_FAMILY = "1,2";
			};
			name = Release;
		};
		256FCB6B279CCAF800DF3D86 /* Debug */ = {
			isa = XCBuildConfiguration;
			buildSettings = {
				ALWAYS_EMBED_SWIFT_STANDARD_LIBRARIES = YES;
				BUNDLE_LOADER = "$(TEST_HOST)";
				CODE_SIGN_STYLE = Automatic;
				CURRENT_PROJECT_VERSION = 1;
				DEVELOPMENT_TEAM = VTVAB8DSQ8;
				GENERATE_INFOPLIST_FILE = YES;
				IPHONEOS_DEPLOYMENT_TARGET = 15.2;
				MARKETING_VERSION = 1.0;
				PRODUCT_BUNDLE_IDENTIFIER = "first.Demo-CategoryScreenTests";
				PRODUCT_NAME = "$(TARGET_NAME)";
				SWIFT_EMIT_LOC_STRINGS = NO;
				SWIFT_VERSION = 5.0;
				TARGETED_DEVICE_FAMILY = "1,2";
				TEST_HOST = "$(BUILT_PRODUCTS_DIR)/Demo_CategoryScreen.app/Demo_CategoryScreen";
			};
			name = Debug;
		};
		256FCB6C279CCAF800DF3D86 /* Release */ = {
			isa = XCBuildConfiguration;
			buildSettings = {
				ALWAYS_EMBED_SWIFT_STANDARD_LIBRARIES = YES;
				BUNDLE_LOADER = "$(TEST_HOST)";
				CODE_SIGN_STYLE = Automatic;
				CURRENT_PROJECT_VERSION = 1;
				DEVELOPMENT_TEAM = VTVAB8DSQ8;
				GENERATE_INFOPLIST_FILE = YES;
				IPHONEOS_DEPLOYMENT_TARGET = 15.2;
				MARKETING_VERSION = 1.0;
				PRODUCT_BUNDLE_IDENTIFIER = "first.Demo-CategoryScreenTests";
				PRODUCT_NAME = "$(TARGET_NAME)";
				SWIFT_EMIT_LOC_STRINGS = NO;
				SWIFT_VERSION = 5.0;
				TARGETED_DEVICE_FAMILY = "1,2";
				TEST_HOST = "$(BUILT_PRODUCTS_DIR)/Demo_CategoryScreen.app/Demo_CategoryScreen";
			};
			name = Release;
		};
		256FCB6E279CCAF800DF3D86 /* Debug */ = {
			isa = XCBuildConfiguration;
			buildSettings = {
				ALWAYS_EMBED_SWIFT_STANDARD_LIBRARIES = YES;
				CODE_SIGN_STYLE = Automatic;
				CURRENT_PROJECT_VERSION = 1;
				DEVELOPMENT_TEAM = VTVAB8DSQ8;
				GENERATE_INFOPLIST_FILE = YES;
				MARKETING_VERSION = 1.0;
				PRODUCT_BUNDLE_IDENTIFIER = "first.Demo-CategoryScreenUITests";
				PRODUCT_NAME = "$(TARGET_NAME)";
				SWIFT_EMIT_LOC_STRINGS = NO;
				SWIFT_VERSION = 5.0;
				TARGETED_DEVICE_FAMILY = "1,2";
				TEST_TARGET_NAME = Demo_CategoryScreen;
			};
			name = Debug;
		};
		256FCB6F279CCAF800DF3D86 /* Release */ = {
			isa = XCBuildConfiguration;
			buildSettings = {
				ALWAYS_EMBED_SWIFT_STANDARD_LIBRARIES = YES;
				CODE_SIGN_STYLE = Automatic;
				CURRENT_PROJECT_VERSION = 1;
				DEVELOPMENT_TEAM = VTVAB8DSQ8;
				GENERATE_INFOPLIST_FILE = YES;
				MARKETING_VERSION = 1.0;
				PRODUCT_BUNDLE_IDENTIFIER = "first.Demo-CategoryScreenUITests";
				PRODUCT_NAME = "$(TARGET_NAME)";
				SWIFT_EMIT_LOC_STRINGS = NO;
				SWIFT_VERSION = 5.0;
				TARGETED_DEVICE_FAMILY = "1,2";
				TEST_TARGET_NAME = Demo_CategoryScreen;
			};
			name = Release;
		};
/* End XCBuildConfiguration section */

/* Begin XCConfigurationList section */
		256FCB38279CCAF700DF3D86 /* Build configuration list for PBXProject "Demo_CategoryScreen" */ = {
			isa = XCConfigurationList;
			buildConfigurations = (
				256FCB65279CCAF800DF3D86 /* Debug */,
				256FCB66279CCAF800DF3D86 /* Release */,
			);
			defaultConfigurationIsVisible = 0;
			defaultConfigurationName = Release;
		};
		256FCB67279CCAF800DF3D86 /* Build configuration list for PBXNativeTarget "Demo_CategoryScreen" */ = {
			isa = XCConfigurationList;
			buildConfigurations = (
				256FCB68279CCAF800DF3D86 /* Debug */,
				256FCB69279CCAF800DF3D86 /* Release */,
			);
			defaultConfigurationIsVisible = 0;
			defaultConfigurationName = Release;
		};
		256FCB6A279CCAF800DF3D86 /* Build configuration list for PBXNativeTarget "Demo_CategoryScreenTests" */ = {
			isa = XCConfigurationList;
			buildConfigurations = (
				256FCB6B279CCAF800DF3D86 /* Debug */,
				256FCB6C279CCAF800DF3D86 /* Release */,
			);
			defaultConfigurationIsVisible = 0;
			defaultConfigurationName = Release;
		};
		256FCB6D279CCAF800DF3D86 /* Build configuration list for PBXNativeTarget "Demo_CategoryScreenUITests" */ = {
			isa = XCConfigurationList;
			buildConfigurations = (
				256FCB6E279CCAF800DF3D86 /* Debug */,
				256FCB6F279CCAF800DF3D86 /* Release */,
			);
			defaultConfigurationIsVisible = 0;
			defaultConfigurationName = Release;
		};
/* End XCConfigurationList section */
	};
	rootObject = 256FCB35279CCAF700DF3D86 /* Project object */;
}
